{
  "object": {
    "pins": [
      {
        "package": "MGELogger",
        "repositoryURL": "https://github.com/martin-e91/MGELogger.git",
        "state": {
          "branch": "develop",
          "revision": "45b139de888fadf44c6b8f6d4b37cd5077bc45b0",
          "version": null
        }
      }
    ]
  },
  "version": 1
}
