{
  "object": {
    "pins": [
      {
        "package": "MGELogger",
        "repositoryURL": "git@github.com:martin-e91/MGELogger.git",
        "state": {
          "branch": "develop",
          "revision": "65c79db5802ad92603a775e7642d6b95beb9ac64",
          "version": null
        }
      }
    ]
  },
  "version": 1
}
