{
  "object": {
    "pins": [
      {
        "package": "MGELogger",
        "repositoryURL": "git@github.com:martin-e91/MGELogger.git",
        "state": {
          "branch": null,
          "revision": "358c4885ea4406cc75b85247a3a4bbf75bedd5a3",
          "version": "0.8.0"
        }
      }
    ]
  },
  "version": 1
}
